
Microsoft Visual Studio Solution File, Format Version 12.00
# Visual Studio Version 16
VisualStudioVersion = 16.0.30517.126
MinimumVisualStudioVersion = 10.0.40219.1
Project("{FAE04EC0-301F-11D3-BF4B-00C04F79EFBC}") = "DND5eCharacterGeneratorCSharp", "DND5eCharacterGeneratorCSharp.csproj", "{B216699C-BEBB-43A0-A79E-39DFEC931B11}"
EndProject
Global
	GlobalSection(SolutionConfigurationPlatforms) = preSolution
		Debug|Any CPU = Debug|Any CPU
		Release|Any CPU = Release|Any CPU
	EndGlobalSection
	GlobalSection(ProjectConfigurationPlatforms) = postSolution
		{B216699C-BEBB-43A0-A79E-39DFEC931B11}.Debug|Any CPU.ActiveCfg = Debug|Any CPU
		{B216699C-BEBB-43A0-A79E-39DFEC931B11}.Debug|Any CPU.Build.0 = Debug|Any CPU
		{B216699C-BEBB-43A0-A79E-39DFEC931B11}.Release|Any CPU.ActiveCfg = Release|Any CPU
		{B216699C-BEBB-43A0-A79E-39DFEC931B11}.Release|Any CPU.Build.0 = Release|Any CPU
	EndGlobalSection
	GlobalSection(SolutionProperties) = preSolution
		HideSolutionNode = FALSE
	EndGlobalSection
	GlobalSection(ExtensibilityGlobals) = postSolution
		SolutionGuid = {2557E197-E8F5-4DF8-B1EF-C0645F047FC2}
	EndGlobalSection
EndGlobal
